
Microsoft Visual Studio Solution File, Format Version 12.00
# Visual Studio 2013
VisualStudioVersion = 12.0.40629.0
MinimumVisualStudioVersion = 10.0.40219.1
Project("{FAE04EC0-301F-11D3-BF4B-00C04F79EFBC}") = "TestWCFApplication1", "TestWCFApplication1\TestWCFApplication1.csproj", "{6E4EFFC6-BA08-4A36-A12C-99BA6A49A17A}"
EndProject
Project("{FAE04EC0-301F-11D3-BF4B-00C04F79EFBC}") = "TestWebApplication1", "TestWebApplication1\TestWebApplication1.csproj", "{0F53E392-8BB4-4716-A16B-D1F82A397E60}"
	ProjectSection(ProjectDependencies) = postProject
		{6E4EFFC6-BA08-4A36-A12C-99BA6A49A17A} = {6E4EFFC6-BA08-4A36-A12C-99BA6A49A17A}
	EndProjectSection
EndProject
Global
	GlobalSection(SolutionConfigurationPlatforms) = preSolution
		Debug|Any CPU = Debug|Any CPU
		Release|Any CPU = Release|Any CPU
	EndGlobalSection
	GlobalSection(ProjectConfigurationPlatforms) = postSolution
		{6E4EFFC6-BA08-4A36-A12C-99BA6A49A17A}.Debug|Any CPU.ActiveCfg = Debug|Any CPU
		{6E4EFFC6-BA08-4A36-A12C-99BA6A49A17A}.Debug|Any CPU.Build.0 = Debug|Any CPU
		{6E4EFFC6-BA08-4A36-A12C-99BA6A49A17A}.Release|Any CPU.ActiveCfg = Release|Any CPU
		{6E4EFFC6-BA08-4A36-A12C-99BA6A49A17A}.Release|Any CPU.Build.0 = Release|Any CPU
		{0F53E392-8BB4-4716-A16B-D1F82A397E60}.Debug|Any CPU.ActiveCfg = Debug|Any CPU
		{0F53E392-8BB4-4716-A16B-D1F82A397E60}.Debug|Any CPU.Build.0 = Debug|Any CPU
		{0F53E392-8BB4-4716-A16B-D1F82A397E60}.Release|Any CPU.ActiveCfg = Release|Any CPU
		{0F53E392-8BB4-4716-A16B-D1F82A397E60}.Release|Any CPU.Build.0 = Release|Any CPU
	EndGlobalSection
	GlobalSection(SolutionProperties) = preSolution
		HideSolutionNode = FALSE
	EndGlobalSection
EndGlobal
